
Microsoft Visual Studio Solution File, Format Version 12.00
# Visual Studio Version 17
VisualStudioVersion = 17.0.31903.59
MinimumVisualStudioVersion = 10.0.40219.1
Project("{FAE04EC0-301F-11D3-BF4B-00C04F79EFBC}") = "todoApi", "todoApi\todoApi.csproj", "{7BB82C00-C811-47F4-B157-025C0977C867}"
EndProject
Project("{FAE04EC0-301F-11D3-BF4B-00C04F79EFBC}") = "todoRazor", "todoRazor\todoRazor.csproj", "{CD84FD2F-FC04-4A75-90CE-DA499739E58B}"
EndProject
Global
	GlobalSection(SolutionConfigurationPlatforms) = preSolution
		Debug|Any CPU = Debug|Any CPU
		Release|Any CPU = Release|Any CPU
	EndGlobalSection
	GlobalSection(SolutionProperties) = preSolution
		HideSolutionNode = FALSE
	EndGlobalSection
	GlobalSection(ProjectConfigurationPlatforms) = postSolution
		{7BB82C00-C811-47F4-B157-025C0977C867}.Debug|Any CPU.ActiveCfg = Debug|Any CPU
		{7BB82C00-C811-47F4-B157-025C0977C867}.Debug|Any CPU.Build.0 = Debug|Any CPU
		{7BB82C00-C811-47F4-B157-025C0977C867}.Release|Any CPU.ActiveCfg = Release|Any CPU
		{7BB82C00-C811-47F4-B157-025C0977C867}.Release|Any CPU.Build.0 = Release|Any CPU
		{CD84FD2F-FC04-4A75-90CE-DA499739E58B}.Debug|Any CPU.ActiveCfg = Debug|Any CPU
		{CD84FD2F-FC04-4A75-90CE-DA499739E58B}.Debug|Any CPU.Build.0 = Debug|Any CPU
		{CD84FD2F-FC04-4A75-90CE-DA499739E58B}.Release|Any CPU.ActiveCfg = Release|Any CPU
		{CD84FD2F-FC04-4A75-90CE-DA499739E58B}.Release|Any CPU.Build.0 = Release|Any CPU
	EndGlobalSection
EndGlobal
